
Microsoft Visual Studio Solution File, Format Version 12.00
# Visual Studio Version 17
VisualStudioVersion = 17.5.002.0
MinimumVisualStudioVersion = 10.0.40219.1
Project("{2150E333-8FDC-42A3-9474-1A3956D46DE8}") = "Backend", "Backend", "{813EF6E7-5561-40AF-AB2D-D5B4D0927F5D}"
EndProject
Project("{9A19103F-16F7-4668-BE54-9A1E7A4F7556}") = "WeatherAppAPI", "Backend\WeatherAppAPI\WeatherAppAPI.csproj", "{2445CF6A-0640-44A5-9239-654762BB04C0}"
EndProject
Global
	GlobalSection(SolutionConfigurationPlatforms) = preSolution
		Debug|Any CPU = Debug|Any CPU
		Release|Any CPU = Release|Any CPU
	EndGlobalSection
	GlobalSection(ProjectConfigurationPlatforms) = postSolution
		{2445CF6A-0640-44A5-9239-654762BB04C0}.Debug|Any CPU.ActiveCfg = Debug|Any CPU
		{2445CF6A-0640-44A5-9239-654762BB04C0}.Debug|Any CPU.Build.0 = Debug|Any CPU
		{2445CF6A-0640-44A5-9239-654762BB04C0}.Release|Any CPU.ActiveCfg = Release|Any CPU
		{2445CF6A-0640-44A5-9239-654762BB04C0}.Release|Any CPU.Build.0 = Release|Any CPU
	EndGlobalSection
	GlobalSection(SolutionProperties) = preSolution
		HideSolutionNode = FALSE
	EndGlobalSection
	GlobalSection(NestedProjects) = preSolution
		{2445CF6A-0640-44A5-9239-654762BB04C0} = {813EF6E7-5561-40AF-AB2D-D5B4D0927F5D}
	EndGlobalSection
	GlobalSection(ExtensibilityGlobals) = postSolution
		SolutionGuid = {CD3AA8C6-7DB0-408D-B56B-B04453ECDFC6}
	EndGlobalSection
EndGlobal
